
Microsoft Visual Studio Solution File, Format Version 12.00
# Visual Studio Version 17
VisualStudioVersion = 17.13.35931.197 d17.13
MinimumVisualStudioVersion = 10.0.40219.1
Project("{FAE04EC0-301F-11D3-BF4B-00C04F79EFBC}") = "LAB02", "LAB02\LAB02.csproj", "{28704C88-98AE-4666-9044-994007AC3A93}"
EndProject
Global
	GlobalSection(SolutionConfigurationPlatforms) = preSolution
		Debug|Any CPU = Debug|Any CPU
		Release|Any CPU = Release|Any CPU
	EndGlobalSection
	GlobalSection(ProjectConfigurationPlatforms) = postSolution
		{28704C88-98AE-4666-9044-994007AC3A93}.Debug|Any CPU.ActiveCfg = Debug|Any CPU
		{28704C88-98AE-4666-9044-994007AC3A93}.Debug|Any CPU.Build.0 = Debug|Any CPU
		{28704C88-98AE-4666-9044-994007AC3A93}.Release|Any CPU.ActiveCfg = Release|Any CPU
		{28704C88-98AE-4666-9044-994007AC3A93}.Release|Any CPU.Build.0 = Release|Any CPU
	EndGlobalSection
	GlobalSection(SolutionProperties) = preSolution
		HideSolutionNode = FALSE
	EndGlobalSection
	GlobalSection(ExtensibilityGlobals) = postSolution
		SolutionGuid = {062822D1-AC17-4C5B-B6E1-C7116A2DE82C}
	EndGlobalSection
EndGlobal
